{
  "nodes": {
    "nixpkgs": {
      "locked": {
        "lastModified": 1605895103,
        "narHash": "sha256-0IrCLnKKG6LQANeNcqT8fblOVafgALJ8HUZdylsWk7I=",
        "owner": "NixOS",
        "repo": "nixpkgs",
        "rev": "ebf2f217a43ab4f39dcb8751e4a28d7d19c66806",
        "type": "github"
      },
      "original": {
        "id": "nixpkgs",
        "type": "indirect"
      }
    },
    "root": {
      "inputs": {
        "nixpkgs": "nixpkgs"
      }
    }
  },
  "root": "root",
  "version": 7
}
