{
  "nodes": {
    "nixpkgs": {
      "locked": {
        "lastModified": 1595690501,
        "narHash": "sha256-CjDYXsJPAjpnTMPioRR78HIJwljLHQff6x1NNQV7aRs=",
        "owner": "NixOS",
        "repo": "nixpkgs",
        "rev": "56fcf7891b873e6ace66784e53c9e5a209971e67",
        "type": "github"
      },
      "original": {
        "id": "nixpkgs",
        "type": "indirect"
      }
    },
    "root": {
      "inputs": {
        "nixpkgs": "nixpkgs"
      }
    }
  },
  "root": "root",
  "version": 7
}
