{
  "nodes": {
    "nixpkgs": {
      "locked": {
        "lastModified": 1605904156,
        "narHash": "sha256-OEN8L4L1vUQO5PA+sLcuBqAFg+d3/nsa0XTDWlV2QtE=",
        "owner": "NixOS",
        "repo": "nixpkgs",
        "rev": "bfbfe33fd6c7a80e2dcc7c9bdd5bce50e845b5b5",
        "type": "github"
      },
      "original": {
        "id": "nixpkgs",
        "type": "indirect"
      }
    },
    "root": {
      "inputs": {
        "nixpkgs": "nixpkgs"
      }
    }
  },
  "root": "root",
  "version": 7
}
